
Microsoft Visual Studio Solution File, Format Version 12.00
# Visual Studio Version 17
VisualStudioVersion = 17.4.33205.214
MinimumVisualStudioVersion = 10.0.40219.1
Project("{2150E333-8FDC-42A3-9474-1A3956D46DE8}") = "_", "_", "{3BD6B02F-863F-4212-9C38-C8D6EF4FE35F}"
	ProjectSection(SolutionItems) = preProject
		ReadMe.txt = ReadMe.txt
	EndProjectSection
EndProject
Project("{2150E333-8FDC-42A3-9474-1A3956D46DE8}") = "00", "00", "{14EAB510-3974-4697-B763-504EEB6749ED}"
EndProject
Project("{2150E333-8FDC-42A3-9474-1A3956D46DE8}") = "01", "01", "{62C476C6-CD21-438B-B3B7-E0B0A1AA3C55}"
EndProject
Project("{2150E333-8FDC-42A3-9474-1A3956D46DE8}") = "02", "02", "{E7B5D191-5E54-4AE6-9E29-083AAE20737E}"
EndProject
Project("{2150E333-8FDC-42A3-9474-1A3956D46DE8}") = "03", "03", "{3C3F4149-9276-430E-980D-7398B83DB47C}"
EndProject
Project("{2150E333-8FDC-42A3-9474-1A3956D46DE8}") = "04", "04", "{0598B82C-17DB-451B-932F-42C1947E76EC}"
EndProject
Project("{2150E333-8FDC-42A3-9474-1A3956D46DE8}") = "05", "05", "{D81DB40C-16FD-46AE-A559-2A441C0FAAFD}"
EndProject
Project("{FAE04EC0-301F-11D3-BF4B-00C04F79EFBC}") = "ImplementacijaSučelja", "ImplementacijaSučelja\ImplementacijaSučelja.csproj", "{7DB4DD8A-B3CD-489B-99FC-FDD1EACA3BFA}"
EndProject
Project("{FAE04EC0-301F-11D3-BF4B-00C04F79EFBC}") = "SmisaoSučelja", "SmisaoSučelja\SmisaoSučelja.csproj", "{59D2D538-4EB6-49A9-B708-E566DD306C78}"
EndProject
Project("{FAE04EC0-301F-11D3-BF4B-00C04F79EFBC}") = "DefinicijaImplementacijaSučelja", "DefinicijaImplementacijaSučelja\DefinicijaImplementacijaSučelja.csproj", "{FF470F20-D322-49D6-8FEF-636A53C9EC30}"
EndProject
Project("{FAE04EC0-301F-11D3-BF4B-00C04F79EFBC}") = "VirtualniČlanovi", "VirtualniČlanovi\VirtualniČlanovi.csproj", "{8F9FC970-3B1D-49FD-B1CD-7208C2FBA6B6}"
EndProject
Project("{FAE04EC0-301F-11D3-BF4B-00C04F79EFBC}") = "ImplicitnaEksplicitnaPretvorba", "ImplicitnaEksplicitnaPretvorba\ImplicitnaEksplicitnaPretvorba.csproj", "{8854399B-93CF-475D-8464-D632093A78BE}"
EndProject
Project("{FAE04EC0-301F-11D3-BF4B-00C04F79EFBC}") = "ImplementacijaIstoimenihČlanovaIzRazličitihSučelja", "ImplementacijaIstoimenihČlanovaIzRazličitihSučelja\ImplementacijaIstoimenihČlanovaIzRazličitihSučelja.csproj", "{BB58ED66-F468-44A2-B182-6484D97277EF}"
EndProject
Project("{FAE04EC0-301F-11D3-BF4B-00C04F79EFBC}") = "Testovi", "Testovi\Testovi.csproj", "{07F0D6D4-DA5C-4F4D-84B6-B247F8418E78}"
EndProject
Global
	GlobalSection(SolutionConfigurationPlatforms) = preSolution
		Debug|Any CPU = Debug|Any CPU
		Release|Any CPU = Release|Any CPU
	EndGlobalSection
	GlobalSection(ProjectConfigurationPlatforms) = postSolution
		{7DB4DD8A-B3CD-489B-99FC-FDD1EACA3BFA}.Debug|Any CPU.ActiveCfg = Debug|Any CPU
		{7DB4DD8A-B3CD-489B-99FC-FDD1EACA3BFA}.Debug|Any CPU.Build.0 = Debug|Any CPU
		{7DB4DD8A-B3CD-489B-99FC-FDD1EACA3BFA}.Release|Any CPU.ActiveCfg = Release|Any CPU
		{7DB4DD8A-B3CD-489B-99FC-FDD1EACA3BFA}.Release|Any CPU.Build.0 = Release|Any CPU
		{59D2D538-4EB6-49A9-B708-E566DD306C78}.Debug|Any CPU.ActiveCfg = Debug|Any CPU
		{59D2D538-4EB6-49A9-B708-E566DD306C78}.Debug|Any CPU.Build.0 = Debug|Any CPU
		{59D2D538-4EB6-49A9-B708-E566DD306C78}.Release|Any CPU.ActiveCfg = Release|Any CPU
		{59D2D538-4EB6-49A9-B708-E566DD306C78}.Release|Any CPU.Build.0 = Release|Any CPU
		{FF470F20-D322-49D6-8FEF-636A53C9EC30}.Debug|Any CPU.ActiveCfg = Debug|Any CPU
		{FF470F20-D322-49D6-8FEF-636A53C9EC30}.Debug|Any CPU.Build.0 = Debug|Any CPU
		{FF470F20-D322-49D6-8FEF-636A53C9EC30}.Release|Any CPU.ActiveCfg = Release|Any CPU
		{FF470F20-D322-49D6-8FEF-636A53C9EC30}.Release|Any CPU.Build.0 = Release|Any CPU
		{8F9FC970-3B1D-49FD-B1CD-7208C2FBA6B6}.Debug|Any CPU.ActiveCfg = Debug|Any CPU
		{8F9FC970-3B1D-49FD-B1CD-7208C2FBA6B6}.Debug|Any CPU.Build.0 = Debug|Any CPU
		{8F9FC970-3B1D-49FD-B1CD-7208C2FBA6B6}.Release|Any CPU.ActiveCfg = Release|Any CPU
		{8F9FC970-3B1D-49FD-B1CD-7208C2FBA6B6}.Release|Any CPU.Build.0 = Release|Any CPU
		{8854399B-93CF-475D-8464-D632093A78BE}.Debug|Any CPU.ActiveCfg = Debug|Any CPU
		{8854399B-93CF-475D-8464-D632093A78BE}.Debug|Any CPU.Build.0 = Debug|Any CPU
		{8854399B-93CF-475D-8464-D632093A78BE}.Release|Any CPU.ActiveCfg = Release|Any CPU
		{8854399B-93CF-475D-8464-D632093A78BE}.Release|Any CPU.Build.0 = Release|Any CPU
		{BB58ED66-F468-44A2-B182-6484D97277EF}.Debug|Any CPU.ActiveCfg = Debug|Any CPU
		{BB58ED66-F468-44A2-B182-6484D97277EF}.Debug|Any CPU.Build.0 = Debug|Any CPU
		{BB58ED66-F468-44A2-B182-6484D97277EF}.Release|Any CPU.ActiveCfg = Release|Any CPU
		{BB58ED66-F468-44A2-B182-6484D97277EF}.Release|Any CPU.Build.0 = Release|Any CPU
		{07F0D6D4-DA5C-4F4D-84B6-B247F8418E78}.Debug|Any CPU.ActiveCfg = Debug|Any CPU
		{07F0D6D4-DA5C-4F4D-84B6-B247F8418E78}.Debug|Any CPU.Build.0 = Debug|Any CPU
		{07F0D6D4-DA5C-4F4D-84B6-B247F8418E78}.Release|Any CPU.ActiveCfg = Release|Any CPU
		{07F0D6D4-DA5C-4F4D-84B6-B247F8418E78}.Release|Any CPU.Build.0 = Release|Any CPU
	EndGlobalSection
	GlobalSection(SolutionProperties) = preSolution
		HideSolutionNode = FALSE
	EndGlobalSection
	GlobalSection(NestedProjects) = preSolution
		{7DB4DD8A-B3CD-489B-99FC-FDD1EACA3BFA} = {14EAB510-3974-4697-B763-504EEB6749ED}
		{59D2D538-4EB6-49A9-B708-E566DD306C78} = {62C476C6-CD21-438B-B3B7-E0B0A1AA3C55}
		{FF470F20-D322-49D6-8FEF-636A53C9EC30} = {E7B5D191-5E54-4AE6-9E29-083AAE20737E}
		{8F9FC970-3B1D-49FD-B1CD-7208C2FBA6B6} = {3C3F4149-9276-430E-980D-7398B83DB47C}
		{8854399B-93CF-475D-8464-D632093A78BE} = {0598B82C-17DB-451B-932F-42C1947E76EC}
		{BB58ED66-F468-44A2-B182-6484D97277EF} = {D81DB40C-16FD-46AE-A559-2A441C0FAAFD}
	EndGlobalSection
	GlobalSection(ExtensibilityGlobals) = postSolution
		SolutionGuid = {400210E5-5504-4AF9-B96D-2908EC70D1B0}
	EndGlobalSection
EndGlobal
